
Microsoft Visual Studio Solution File, Format Version 12.00
# Visual Studio Version 16
VisualStudioVersion = 16.0.30804.86
MinimumVisualStudioVersion = 10.0.40219.1
Project("{FAE04EC0-301F-11D3-BF4B-00C04F79EFBC}") = "RepsAndSets.UI", "RepsAndSets.UI\RepsAndSets.UI.csproj", "{F4A2A12B-CF93-4652-9841-E2B2F9E05ADA}"
EndProject
Project("{FAE04EC0-301F-11D3-BF4B-00C04F79EFBC}") = "RepsAndSets.Library", "RepsAndSets.Library\RepsAndSets.Library.csproj", "{84C122DF-ED23-443E-9E6E-C5E21E5E987D}"
EndProject
Project("{FAE04EC0-301F-11D3-BF4B-00C04F79EFBC}") = "RepsAndSets.Tests", "RepsAndSets.Tests\RepsAndSets.Tests.csproj", "{4989ECEB-65D4-45C9-8E8C-CD163367BA09}"
EndProject
Project("{FAE04EC0-301F-11D3-BF4B-00C04F79EFBC}") = "RepsAndSets.Mobile.Android", "RepsAndSets.Mobile\RepsAndSets.Mobile.Android\RepsAndSets.Mobile.Android.csproj", "{B19EA0E8-86BB-4E76-B31A-6F7280E73E1F}"
EndProject
Project("{FAE04EC0-301F-11D3-BF4B-00C04F79EFBC}") = "RepsAndSets.Mobile.iOS", "RepsAndSets.Mobile\RepsAndSets.Mobile.iOS\RepsAndSets.Mobile.iOS.csproj", "{5ECC60D2-6EC9-4330-8A13-D8DEA0486440}"
EndProject
Project("{FAE04EC0-301F-11D3-BF4B-00C04F79EFBC}") = "RepsAndSets.Mobile", "RepsAndSets.Mobile\RepsAndSets.Mobile\RepsAndSets.Mobile.csproj", "{D2A5305B-9526-4C12-9AB3-C97C00D2E163}"
EndProject
Global
	GlobalSection(SolutionConfigurationPlatforms) = preSolution
		Debug|Any CPU = Debug|Any CPU
		Debug|iPhone = Debug|iPhone
		Debug|iPhoneSimulator = Debug|iPhoneSimulator
		Release|Any CPU = Release|Any CPU
		Release|iPhone = Release|iPhone
		Release|iPhoneSimulator = Release|iPhoneSimulator
	EndGlobalSection
	GlobalSection(ProjectConfigurationPlatforms) = postSolution
		{F4A2A12B-CF93-4652-9841-E2B2F9E05ADA}.Debug|Any CPU.ActiveCfg = Debug|Any CPU
		{F4A2A12B-CF93-4652-9841-E2B2F9E05ADA}.Debug|Any CPU.Build.0 = Debug|Any CPU
		{F4A2A12B-CF93-4652-9841-E2B2F9E05ADA}.Debug|iPhone.ActiveCfg = Debug|Any CPU
		{F4A2A12B-CF93-4652-9841-E2B2F9E05ADA}.Debug|iPhone.Build.0 = Debug|Any CPU
		{F4A2A12B-CF93-4652-9841-E2B2F9E05ADA}.Debug|iPhoneSimulator.ActiveCfg = Debug|Any CPU
		{F4A2A12B-CF93-4652-9841-E2B2F9E05ADA}.Debug|iPhoneSimulator.Build.0 = Debug|Any CPU
		{F4A2A12B-CF93-4652-9841-E2B2F9E05ADA}.Release|Any CPU.ActiveCfg = Release|Any CPU
		{F4A2A12B-CF93-4652-9841-E2B2F9E05ADA}.Release|Any CPU.Build.0 = Release|Any CPU
		{F4A2A12B-CF93-4652-9841-E2B2F9E05ADA}.Release|iPhone.ActiveCfg = Release|Any CPU
		{F4A2A12B-CF93-4652-9841-E2B2F9E05ADA}.Release|iPhone.Build.0 = Release|Any CPU
		{F4A2A12B-CF93-4652-9841-E2B2F9E05ADA}.Release|iPhoneSimulator.ActiveCfg = Release|Any CPU
		{F4A2A12B-CF93-4652-9841-E2B2F9E05ADA}.Release|iPhoneSimulator.Build.0 = Release|Any CPU
		{84C122DF-ED23-443E-9E6E-C5E21E5E987D}.Debug|Any CPU.ActiveCfg = Debug|Any CPU
		{84C122DF-ED23-443E-9E6E-C5E21E5E987D}.Debug|Any CPU.Build.0 = Debug|Any CPU
		{84C122DF-ED23-443E-9E6E-C5E21E5E987D}.Debug|iPhone.ActiveCfg = Debug|Any CPU
		{84C122DF-ED23-443E-9E6E-C5E21E5E987D}.Debug|iPhone.Build.0 = Debug|Any CPU
		{84C122DF-ED23-443E-9E6E-C5E21E5E987D}.Debug|iPhoneSimulator.ActiveCfg = Debug|Any CPU
		{84C122DF-ED23-443E-9E6E-C5E21E5E987D}.Debug|iPhoneSimulator.Build.0 = Debug|Any CPU
		{84C122DF-ED23-443E-9E6E-C5E21E5E987D}.Release|Any CPU.ActiveCfg = Release|Any CPU
		{84C122DF-ED23-443E-9E6E-C5E21E5E987D}.Release|Any CPU.Build.0 = Release|Any CPU
		{84C122DF-ED23-443E-9E6E-C5E21E5E987D}.Release|iPhone.ActiveCfg = Release|Any CPU
		{84C122DF-ED23-443E-9E6E-C5E21E5E987D}.Release|iPhone.Build.0 = Release|Any CPU
		{84C122DF-ED23-443E-9E6E-C5E21E5E987D}.Release|iPhoneSimulator.ActiveCfg = Release|Any CPU
		{84C122DF-ED23-443E-9E6E-C5E21E5E987D}.Release|iPhoneSimulator.Build.0 = Release|Any CPU
		{4989ECEB-65D4-45C9-8E8C-CD163367BA09}.Debug|Any CPU.ActiveCfg = Debug|Any CPU
		{4989ECEB-65D4-45C9-8E8C-CD163367BA09}.Debug|Any CPU.Build.0 = Debug|Any CPU
		{4989ECEB-65D4-45C9-8E8C-CD163367BA09}.Debug|iPhone.ActiveCfg = Debug|Any CPU
		{4989ECEB-65D4-45C9-8E8C-CD163367BA09}.Debug|iPhone.Build.0 = Debug|Any CPU
		{4989ECEB-65D4-45C9-8E8C-CD163367BA09}.Debug|iPhoneSimulator.ActiveCfg = Debug|Any CPU
		{4989ECEB-65D4-45C9-8E8C-CD163367BA09}.Debug|iPhoneSimulator.Build.0 = Debug|Any CPU
		{4989ECEB-65D4-45C9-8E8C-CD163367BA09}.Release|Any CPU.ActiveCfg = Release|Any CPU
		{4989ECEB-65D4-45C9-8E8C-CD163367BA09}.Release|Any CPU.Build.0 = Release|Any CPU
		{4989ECEB-65D4-45C9-8E8C-CD163367BA09}.Release|iPhone.ActiveCfg = Release|Any CPU
		{4989ECEB-65D4-45C9-8E8C-CD163367BA09}.Release|iPhone.Build.0 = Release|Any CPU
		{4989ECEB-65D4-45C9-8E8C-CD163367BA09}.Release|iPhoneSimulator.ActiveCfg = Release|Any CPU
		{4989ECEB-65D4-45C9-8E8C-CD163367BA09}.Release|iPhoneSimulator.Build.0 = Release|Any CPU
		{B19EA0E8-86BB-4E76-B31A-6F7280E73E1F}.Debug|Any CPU.ActiveCfg = Debug|Any CPU
		{B19EA0E8-86BB-4E76-B31A-6F7280E73E1F}.Debug|Any CPU.Build.0 = Debug|Any CPU
		{B19EA0E8-86BB-4E76-B31A-6F7280E73E1F}.Debug|Any CPU.Deploy.0 = Debug|Any CPU
		{B19EA0E8-86BB-4E76-B31A-6F7280E73E1F}.Debug|iPhone.ActiveCfg = Debug|Any CPU
		{B19EA0E8-86BB-4E76-B31A-6F7280E73E1F}.Debug|iPhone.Build.0 = Debug|Any CPU
		{B19EA0E8-86BB-4E76-B31A-6F7280E73E1F}.Debug|iPhone.Deploy.0 = Debug|Any CPU
		{B19EA0E8-86BB-4E76-B31A-6F7280E73E1F}.Debug|iPhoneSimulator.ActiveCfg = Debug|Any CPU
		{B19EA0E8-86BB-4E76-B31A-6F7280E73E1F}.Debug|iPhoneSimulator.Build.0 = Debug|Any CPU
		{B19EA0E8-86BB-4E76-B31A-6F7280E73E1F}.Debug|iPhoneSimulator.Deploy.0 = Debug|Any CPU
		{B19EA0E8-86BB-4E76-B31A-6F7280E73E1F}.Release|Any CPU.ActiveCfg = Release|Any CPU
		{B19EA0E8-86BB-4E76-B31A-6F7280E73E1F}.Release|Any CPU.Build.0 = Release|Any CPU
		{B19EA0E8-86BB-4E76-B31A-6F7280E73E1F}.Release|Any CPU.Deploy.0 = Release|Any CPU
		{B19EA0E8-86BB-4E76-B31A-6F7280E73E1F}.Release|iPhone.ActiveCfg = Release|Any CPU
		{B19EA0E8-86BB-4E76-B31A-6F7280E73E1F}.Release|iPhone.Build.0 = Release|Any CPU
		{B19EA0E8-86BB-4E76-B31A-6F7280E73E1F}.Release|iPhone.Deploy.0 = Release|Any CPU
		{B19EA0E8-86BB-4E76-B31A-6F7280E73E1F}.Release|iPhoneSimulator.ActiveCfg = Release|Any CPU
		{B19EA0E8-86BB-4E76-B31A-6F7280E73E1F}.Release|iPhoneSimulator.Build.0 = Release|Any CPU
		{B19EA0E8-86BB-4E76-B31A-6F7280E73E1F}.Release|iPhoneSimulator.Deploy.0 = Release|Any CPU
		{5ECC60D2-6EC9-4330-8A13-D8DEA0486440}.Debug|Any CPU.ActiveCfg = Debug|iPhoneSimulator
		{5ECC60D2-6EC9-4330-8A13-D8DEA0486440}.Debug|iPhone.ActiveCfg = Debug|iPhone
		{5ECC60D2-6EC9-4330-8A13-D8DEA0486440}.Debug|iPhone.Build.0 = Debug|iPhone
		{5ECC60D2-6EC9-4330-8A13-D8DEA0486440}.Debug|iPhoneSimulator.ActiveCfg = Debug|iPhoneSimulator
		{5ECC60D2-6EC9-4330-8A13-D8DEA0486440}.Debug|iPhoneSimulator.Build.0 = Debug|iPhoneSimulator
		{5ECC60D2-6EC9-4330-8A13-D8DEA0486440}.Release|Any CPU.ActiveCfg = Release|iPhoneSimulator
		{5ECC60D2-6EC9-4330-8A13-D8DEA0486440}.Release|iPhone.ActiveCfg = Release|iPhone
		{5ECC60D2-6EC9-4330-8A13-D8DEA0486440}.Release|iPhone.Build.0 = Release|iPhone
		{5ECC60D2-6EC9-4330-8A13-D8DEA0486440}.Release|iPhoneSimulator.ActiveCfg = Release|iPhoneSimulator
		{5ECC60D2-6EC9-4330-8A13-D8DEA0486440}.Release|iPhoneSimulator.Build.0 = Release|iPhoneSimulator
		{D2A5305B-9526-4C12-9AB3-C97C00D2E163}.Debug|Any CPU.ActiveCfg = Debug|Any CPU
		{D2A5305B-9526-4C12-9AB3-C97C00D2E163}.Debug|Any CPU.Build.0 = Debug|Any CPU
		{D2A5305B-9526-4C12-9AB3-C97C00D2E163}.Debug|iPhone.ActiveCfg = Debug|Any CPU
		{D2A5305B-9526-4C12-9AB3-C97C00D2E163}.Debug|iPhone.Build.0 = Debug|Any CPU
		{D2A5305B-9526-4C12-9AB3-C97C00D2E163}.Debug|iPhoneSimulator.ActiveCfg = Debug|Any CPU
		{D2A5305B-9526-4C12-9AB3-C97C00D2E163}.Debug|iPhoneSimulator.Build.0 = Debug|Any CPU
		{D2A5305B-9526-4C12-9AB3-C97C00D2E163}.Release|Any CPU.ActiveCfg = Release|Any CPU
		{D2A5305B-9526-4C12-9AB3-C97C00D2E163}.Release|Any CPU.Build.0 = Release|Any CPU
		{D2A5305B-9526-4C12-9AB3-C97C00D2E163}.Release|iPhone.ActiveCfg = Release|Any CPU
		{D2A5305B-9526-4C12-9AB3-C97C00D2E163}.Release|iPhone.Build.0 = Release|Any CPU
		{D2A5305B-9526-4C12-9AB3-C97C00D2E163}.Release|iPhoneSimulator.ActiveCfg = Release|Any CPU
		{D2A5305B-9526-4C12-9AB3-C97C00D2E163}.Release|iPhoneSimulator.Build.0 = Release|Any CPU
	EndGlobalSection
	GlobalSection(SolutionProperties) = preSolution
		HideSolutionNode = FALSE
	EndGlobalSection
	GlobalSection(ExtensibilityGlobals) = postSolution
		SolutionGuid = {D471077E-2E67-4BFB-8B2B-1D17E0A0F33F}
	EndGlobalSection
EndGlobal
